// !$*UTF8*$!
{
	archiveVersion = 1;
	classes = {
	};
	objectVersion = 46;
	objects = {

/* Begin PBXBuildFile section */
		02B1DBBD1849E31A00B4EC1B /* Grid.m in Sources */ = {isa = PBXBuildFile; fileRef = 02B1DBBC1849E31A00B4EC1B /* Grid.m */; };
		02B1DBCD1849E35000B4EC1B /* Card.m in Sources */ = {isa = PBXBuildFile; fileRef = 02B1DBC01849E35000B4EC1B /* Card.m */; };
		02B1DBCE1849E35000B4EC1B /* CardMatchingGame.m in Sources */ = {isa = PBXBuildFile; fileRef = 02B1DBC21849E35000B4EC1B /* CardMatchingGame.m */; };
		02B1DBCF1849E35000B4EC1B /* Deck.m in Sources */ = {isa = PBXBuildFile; fileRef = 02B1DBC41849E35000B4EC1B /* Deck.m */; };
		02B1DBD01849E35000B4EC1B /* PlayingCard.m in Sources */ = {isa = PBXBuildFile; fileRef = 02B1DBC61849E35000B4EC1B /* PlayingCard.m */; };
		02B1DBD11849E35000B4EC1B /* PlayingCardDeck.m in Sources */ = {isa = PBXBuildFile; fileRef = 02B1DBC81849E35000B4EC1B /* PlayingCardDeck.m */; };
		02B1DBD21849E35000B4EC1B /* SetCard.m in Sources */ = {isa = PBXBuildFile; fileRef = 02B1DBCA1849E35000B4EC1B /* SetCard.m */; };
		02B1DBD31849E35000B4EC1B /* SetCardDeck.m in Sources */ = {isa = PBXBuildFile; fileRef = 02B1DBCC1849E35000B4EC1B /* SetCardDeck.m */; };
		02B1DBD61849E49800B4EC1B /* PlayingCardGameViewController.m in Sources */ = {isa = PBXBuildFile; fileRef = 02B1DBD51849E49800B4EC1B /* PlayingCardGameViewController.m */; };
		02B1DBD9184A05CA00B4EC1B /* CardView.m in Sources */ = {isa = PBXBuildFile; fileRef = 02B1DBD8184A05CA00B4EC1B /* CardView.m */; };
		02E7B2E91848EA6300E88F8F /* Foundation.framework in Frameworks */ = {isa = PBXBuildFile; fileRef = 02E7B2E81848EA6300E88F8F /* Foundation.framework */; };
		02E7B2EB1848EA6300E88F8F /* CoreGraphics.framework in Frameworks */ = {isa = PBXBuildFile; fileRef = 02E7B2EA1848EA6300E88F8F /* CoreGraphics.framework */; };
		02E7B2ED1848EA6300E88F8F /* UIKit.framework in Frameworks */ = {isa = PBXBuildFile; fileRef = 02E7B2EC1848EA6300E88F8F /* UIKit.framework */; };
		02E7B2F31848EA6300E88F8F /* InfoPlist.strings in Resources */ = {isa = PBXBuildFile; fileRef = 02E7B2F11848EA6300E88F8F /* InfoPlist.strings */; };
		02E7B2F51848EA6300E88F8F /* main.m in Sources */ = {isa = PBXBuildFile; fileRef = 02E7B2F41848EA6300E88F8F /* main.m */; };
		02E7B2F91848EA6300E88F8F /* CardGameAppDelegate.m in Sources */ = {isa = PBXBuildFile; fileRef = 02E7B2F81848EA6300E88F8F /* CardGameAppDelegate.m */; };
		02E7B2FC1848EA6300E88F8F /* Main.storyboard in Resources */ = {isa = PBXBuildFile; fileRef = 02E7B2FA1848EA6300E88F8F /* Main.storyboard */; };
		02E7B2FF1848EA6300E88F8F /* CardGameViewController.m in Sources */ = {isa = PBXBuildFile; fileRef = 02E7B2FE1848EA6300E88F8F /* CardGameViewController.m */; };
		02E7B3011848EA6300E88F8F /* Images.xcassets in Resources */ = {isa = PBXBuildFile; fileRef = 02E7B3001848EA6300E88F8F /* Images.xcassets */; };
		02E7B3081848EA6300E88F8F /* XCTest.framework in Frameworks */ = {isa = PBXBuildFile; fileRef = 02E7B3071848EA6300E88F8F /* XCTest.framework */; };
		02E7B3091848EA6300E88F8F /* Foundation.framework in Frameworks */ = {isa = PBXBuildFile; fileRef = 02E7B2E81848EA6300E88F8F /* Foundation.framework */; };
		02E7B30A1848EA6300E88F8F /* UIKit.framework in Frameworks */ = {isa = PBXBuildFile; fileRef = 02E7B2EC1848EA6300E88F8F /* UIKit.framework */; };
		02E7B3121848EA6300E88F8F /* InfoPlist.strings in Resources */ = {isa = PBXBuildFile; fileRef = 02E7B3101848EA6300E88F8F /* InfoPlist.strings */; };
		02E7B3141848EA6300E88F8F /* MatchismoTests.m in Sources */ = {isa = PBXBuildFile; fileRef = 02E7B3131848EA6300E88F8F /* MatchismoTests.m */; };
/* End PBXBuildFile section */

/* Begin PBXContainerItemProxy section */
		02E7B30B1848EA6300E88F8F /* PBXContainerItemProxy */ = {
			isa = PBXContainerItemProxy;
			containerPortal = 02E7B2DD1848EA6300E88F8F /* Project object */;
			proxyType = 1;
			remoteGlobalIDString = 02E7B2E41848EA6300E88F8F;
			remoteInfo = Matchismo;
		};
/* End PBXContainerItemProxy section */

/* Begin PBXFileReference section */
		02B1DBBB1849E31A00B4EC1B /* Grid.h */ = {isa = PBXFileReference; fileEncoding = 4; lastKnownFileType = sourcecode.c.h; path = Grid.h; sourceTree = "<group>"; };
		02B1DBBC1849E31A00B4EC1B /* Grid.m */ = {isa = PBXFileReference; fileEncoding = 4; lastKnownFileType = sourcecode.c.objc; path = Grid.m; sourceTree = "<group>"; };
		02B1DBBF1849E35000B4EC1B /* Card.h */ = {isa = PBXFileReference; fileEncoding = 4; lastKnownFileType = sourcecode.c.h; path = Card.h; sourceTree = "<group>"; };
		02B1DBC01849E35000B4EC1B /* Card.m */ = {isa = PBXFileReference; fileEncoding = 4; lastKnownFileType = sourcecode.c.objc; path = Card.m; sourceTree = "<group>"; };
		02B1DBC11849E35000B4EC1B /* CardMatchingGame.h */ = {isa = PBXFileReference; fileEncoding = 4; lastKnownFileType = sourcecode.c.h; path = CardMatchingGame.h; sourceTree = "<group>"; };
		02B1DBC21849E35000B4EC1B /* CardMatchingGame.m */ = {isa = PBXFileReference; fileEncoding = 4; lastKnownFileType = sourcecode.c.objc; path = CardMatchingGame.m; sourceTree = "<group>"; };
		02B1DBC31849E35000B4EC1B /* Deck.h */ = {isa = PBXFileReference; fileEncoding = 4; lastKnownFileType = sourcecode.c.h; path = Deck.h; sourceTree = "<group>"; };
		02B1DBC41849E35000B4EC1B /* Deck.m */ = {isa = PBXFileReference; fileEncoding = 4; lastKnownFileType = sourcecode.c.objc; path = Deck.m; sourceTree = "<group>"; };
		02B1DBC51849E35000B4EC1B /* PlayingCard.h */ = {isa = PBXFileReference; fileEncoding = 4; lastKnownFileType = sourcecode.c.h; path = PlayingCard.h; sourceTree = "<group>"; };
		02B1DBC61849E35000B4EC1B /* PlayingCard.m */ = {isa = PBXFileReference; fileEncoding = 4; lastKnownFileType = sourcecode.c.objc; path = PlayingCard.m; sourceTree = "<group>"; };
		02B1DBC71849E35000B4EC1B /* PlayingCardDeck.h */ = {isa = PBXFileReference; fileEncoding = 4; lastKnownFileType = sourcecode.c.h; path = PlayingCardDeck.h; sourceTree = "<group>"; };
		02B1DBC81849E35000B4EC1B /* PlayingCardDeck.m */ = {isa = PBXFileReference; fileEncoding = 4; lastKnownFileType = sourcecode.c.objc; path = PlayingCardDeck.m; sourceTree = "<group>"; };
		02B1DBC91849E35000B4EC1B /* SetCard.h */ = {isa = PBXFileReference; fileEncoding = 4; lastKnownFileType = sourcecode.c.h; path = SetCard.h; sourceTree = "<group>"; };
		02B1DBCA1849E35000B4EC1B /* SetCard.m */ = {isa = PBXFileReference; fileEncoding = 4; lastKnownFileType = sourcecode.c.objc; path = SetCard.m; sourceTree = "<group>"; };
		02B1DBCB1849E35000B4EC1B /* SetCardDeck.h */ = {isa = PBXFileReference; fileEncoding = 4; lastKnownFileType = sourcecode.c.h; path = SetCardDeck.h; sourceTree = "<group>"; };
		02B1DBCC1849E35000B4EC1B /* SetCardDeck.m */ = {isa = PBXFileReference; fileEncoding = 4; lastKnownFileType = sourcecode.c.objc; path = SetCardDeck.m; sourceTree = "<group>"; };
		02B1DBD41849E49800B4EC1B /* PlayingCardGameViewController.h */ = {isa = PBXFileReference; fileEncoding = 4; lastKnownFileType = sourcecode.c.h; path = PlayingCardGameViewController.h; sourceTree = "<group>"; };
		02B1DBD51849E49800B4EC1B /* PlayingCardGameViewController.m */ = {isa = PBXFileReference; fileEncoding = 4; lastKnownFileType = sourcecode.c.objc; path = PlayingCardGameViewController.m; sourceTree = "<group>"; };
		02B1DBD7184A05CA00B4EC1B /* CardView.h */ = {isa = PBXFileReference; fileEncoding = 4; lastKnownFileType = sourcecode.c.h; path = CardView.h; sourceTree = "<group>"; };
		02B1DBD8184A05CA00B4EC1B /* CardView.m */ = {isa = PBXFileReference; fileEncoding = 4; lastKnownFileType = sourcecode.c.objc; path = CardView.m; sourceTree = "<group>"; };
		02E7B2E51848EA6300E88F8F /* Matchismo.app */ = {isa = PBXFileReference; explicitFileType = wrapper.application; includeInIndex = 0; path = Matchismo.app; sourceTree = BUILT_PRODUCTS_DIR; };
		02E7B2E81848EA6300E88F8F /* Foundation.framework */ = {isa = PBXFileReference; lastKnownFileType = wrapper.framework; name = Foundation.framework; path = System/Library/Frameworks/Foundation.framework; sourceTree = SDKROOT; };
		02E7B2EA1848EA6300E88F8F /* CoreGraphics.framework */ = {isa = PBXFileReference; lastKnownFileType = wrapper.framework; name = CoreGraphics.framework; path = System/Library/Frameworks/CoreGraphics.framework; sourceTree = SDKROOT; };
		02E7B2EC1848EA6300E88F8F /* UIKit.framework */ = {isa = PBXFileReference; lastKnownFileType = wrapper.framework; name = UIKit.framework; path = System/Library/Frameworks/UIKit.framework; sourceTree = SDKROOT; };
		02E7B2F01848EA6300E88F8F /* Matchismo-Info.plist */ = {isa = PBXFileReference; lastKnownFileType = text.plist.xml; path = "Matchismo-Info.plist"; sourceTree = "<group>"; };
		02E7B2F21848EA6300E88F8F /* en */ = {isa = PBXFileReference; lastKnownFileType = text.plist.strings; name = en; path = en.lproj/InfoPlist.strings; sourceTree = "<group>"; };
		02E7B2F41848EA6300E88F8F /* main.m */ = {isa = PBXFileReference; lastKnownFileType = sourcecode.c.objc; path = main.m; sourceTree = "<group>"; };
		02E7B2F61848EA6300E88F8F /* Matchismo-Prefix.pch */ = {isa = PBXFileReference; lastKnownFileType = sourcecode.c.h; path = "Matchismo-Prefix.pch"; sourceTree = "<group>"; };
		02E7B2F71848EA6300E88F8F /* CardGameAppDelegate.h */ = {isa = PBXFileReference; lastKnownFileType = sourcecode.c.h; path = CardGameAppDelegate.h; sourceTree = "<group>"; };
		02E7B2F81848EA6300E88F8F /* CardGameAppDelegate.m */ = {isa = PBXFileReference; lastKnownFileType = sourcecode.c.objc; path = CardGameAppDelegate.m; sourceTree = "<group>"; };
		02E7B2FB1848EA6300E88F8F /* Base */ = {isa = PBXFileReference; lastKnownFileType = file.storyboard; name = Base; path = Base.lproj/Main.storyboard; sourceTree = "<group>"; };
		02E7B2FD1848EA6300E88F8F /* CardGameViewController.h */ = {isa = PBXFileReference; lastKnownFileType = sourcecode.c.h; path = CardGameViewController.h; sourceTree = "<group>"; };
		02E7B2FE1848EA6300E88F8F /* CardGameViewController.m */ = {isa = PBXFileReference; lastKnownFileType = sourcecode.c.objc; path = CardGameViewController.m; sourceTree = "<group>"; };
		02E7B3001848EA6300E88F8F /* Images.xcassets */ = {isa = PBXFileReference; lastKnownFileType = folder.assetcatalog; path = Images.xcassets; sourceTree = "<group>"; };
		02E7B3061848EA6300E88F8F /* MatchismoTests.xctest */ = {isa = PBXFileReference; explicitFileType = wrapper.cfbundle; includeInIndex = 0; path = MatchismoTests.xctest; sourceTree = BUILT_PRODUCTS_DIR; };
		02E7B3071848EA6300E88F8F /* XCTest.framework */ = {isa = PBXFileReference; lastKnownFileType = wrapper.framework; name = XCTest.framework; path = Library/Frameworks/XCTest.framework; sourceTree = DEVELOPER_DIR; };
		02E7B30F1848EA6300E88F8F /* MatchismoTests-Info.plist */ = {isa = PBXFileReference; lastKnownFileType = text.plist.xml; path = "MatchismoTests-Info.plist"; sourceTree = "<group>"; };
		02E7B3111848EA6300E88F8F /* en */ = {isa = PBXFileReference; lastKnownFileType = text.plist.strings; name = en; path = en.lproj/InfoPlist.strings; sourceTree = "<group>"; };
		02E7B3131848EA6300E88F8F /* MatchismoTests.m */ = {isa = PBXFileReference; lastKnownFileType = sourcecode.c.objc; path = MatchismoTests.m; sourceTree = "<group>"; };
/* End PBXFileReference section */

/* Begin PBXFrameworksBuildPhase section */
		02E7B2E21848EA6300E88F8F /* Frameworks */ = {
			isa = PBXFrameworksBuildPhase;
			buildActionMask = 2147483647;
			files = (
				02E7B2EB1848EA6300E88F8F /* CoreGraphics.framework in Frameworks */,
				02E7B2ED1848EA6300E88F8F /* UIKit.framework in Frameworks */,
				02E7B2E91848EA6300E88F8F /* Foundation.framework in Frameworks */,
			);
			runOnlyForDeploymentPostprocessing = 0;
		};
		02E7B3031848EA6300E88F8F /* Frameworks */ = {
			isa = PBXFrameworksBuildPhase;
			buildActionMask = 2147483647;
			files = (
				02E7B3081848EA6300E88F8F /* XCTest.framework in Frameworks */,
				02E7B30A1848EA6300E88F8F /* UIKit.framework in Frameworks */,
				02E7B3091848EA6300E88F8F /* Foundation.framework in Frameworks */,
			);
			runOnlyForDeploymentPostprocessing = 0;
		};
/* End PBXFrameworksBuildPhase section */

/* Begin PBXGroup section */
		02B1DBBE1849E35000B4EC1B /* model */ = {
			isa = PBXGroup;
			children = (
				02B1DBC11849E35000B4EC1B /* CardMatchingGame.h */,
				02B1DBC21849E35000B4EC1B /* CardMatchingGame.m */,
				02B1DBBF1849E35000B4EC1B /* Card.h */,
				02B1DBC01849E35000B4EC1B /* Card.m */,
				02B1DBC51849E35000B4EC1B /* PlayingCard.h */,
				02B1DBC61849E35000B4EC1B /* PlayingCard.m */,
				02B1DBC91849E35000B4EC1B /* SetCard.h */,
				02B1DBCA1849E35000B4EC1B /* SetCard.m */,
				02B1DBC31849E35000B4EC1B /* Deck.h */,
				02B1DBC41849E35000B4EC1B /* Deck.m */,
				02B1DBC71849E35000B4EC1B /* PlayingCardDeck.h */,
				02B1DBC81849E35000B4EC1B /* PlayingCardDeck.m */,
				02B1DBCB1849E35000B4EC1B /* SetCardDeck.h */,
				02B1DBCC1849E35000B4EC1B /* SetCardDeck.m */,
			);
			path = model;
			sourceTree = "<group>";
		};
		02E7B2DC1848EA6300E88F8F = {
			isa = PBXGroup;
			children = (
				02E7B2EE1848EA6300E88F8F /* Matchismo */,
				02E7B30D1848EA6300E88F8F /* MatchismoTests */,
				02E7B2E71848EA6300E88F8F /* Frameworks */,
				02E7B2E61848EA6300E88F8F /* Products */,
			);
			sourceTree = "<group>";
		};
		02E7B2E61848EA6300E88F8F /* Products */ = {
			isa = PBXGroup;
			children = (
				02E7B2E51848EA6300E88F8F /* Matchismo.app */,
				02E7B3061848EA6300E88F8F /* MatchismoTests.xctest */,
			);
			name = Products;
			sourceTree = "<group>";
		};
		02E7B2E71848EA6300E88F8F /* Frameworks */ = {
			isa = PBXGroup;
			children = (
				02E7B2E81848EA6300E88F8F /* Foundation.framework */,
				02E7B2EA1848EA6300E88F8F /* CoreGraphics.framework */,
				02E7B2EC1848EA6300E88F8F /* UIKit.framework */,
				02E7B3071848EA6300E88F8F /* XCTest.framework */,
			);
			name = Frameworks;
			sourceTree = "<group>";
		};
		02E7B2EE1848EA6300E88F8F /* Matchismo */ = {
			isa = PBXGroup;
			children = (
				02E7B2F71848EA6300E88F8F /* CardGameAppDelegate.h */,
				02E7B2F81848EA6300E88F8F /* CardGameAppDelegate.m */,
				02E7B2FA1848EA6300E88F8F /* Main.storyboard */,
				02E7B2FD1848EA6300E88F8F /* CardGameViewController.h */,
				02E7B2FE1848EA6300E88F8F /* CardGameViewController.m */,
				02B1DBD41849E49800B4EC1B /* PlayingCardGameViewController.h */,
				02B1DBD51849E49800B4EC1B /* PlayingCardGameViewController.m */,
				02B1DBD7184A05CA00B4EC1B /* CardView.h */,
				02B1DBD8184A05CA00B4EC1B /* CardView.m */,
				02B1DBBB1849E31A00B4EC1B /* Grid.h */,
				02B1DBBC1849E31A00B4EC1B /* Grid.m */,
				02B1DBBE1849E35000B4EC1B /* model */,
				02E7B3001848EA6300E88F8F /* Images.xcassets */,
				02E7B2EF1848EA6300E88F8F /* Supporting Files */,
			);
			path = Matchismo;
			sourceTree = "<group>";
		};
		02E7B2EF1848EA6300E88F8F /* Supporting Files */ = {
			isa = PBXGroup;
			children = (
				02E7B2F01848EA6300E88F8F /* Matchismo-Info.plist */,
				02E7B2F11848EA6300E88F8F /* InfoPlist.strings */,
				02E7B2F41848EA6300E88F8F /* main.m */,
				02E7B2F61848EA6300E88F8F /* Matchismo-Prefix.pch */,
			);
			name = "Supporting Files";
			sourceTree = "<group>";
		};
		02E7B30D1848EA6300E88F8F /* MatchismoTests */ = {
			isa = PBXGroup;
			children = (
				02E7B3131848EA6300E88F8F /* MatchismoTests.m */,
				02E7B30E1848EA6300E88F8F /* Supporting Files */,
			);
			path = MatchismoTests;
			sourceTree = "<group>";
		};
		02E7B30E1848EA6300E88F8F /* Supporting Files */ = {
			isa = PBXGroup;
			children = (
				02E7B30F1848EA6300E88F8F /* MatchismoTests-Info.plist */,
				02E7B3101848EA6300E88F8F /* InfoPlist.strings */,
			);
			name = "Supporting Files";
			sourceTree = "<group>";
		};
/* End PBXGroup section */

/* Begin PBXNativeTarget section */
		02E7B2E41848EA6300E88F8F /* Matchismo */ = {
			isa = PBXNativeTarget;
			buildConfigurationList = 02E7B3171848EA6300E88F8F /* Build configuration list for PBXNativeTarget "Matchismo" */;
			buildPhases = (
				02E7B2E11848EA6300E88F8F /* Sources */,
				02E7B2E21848EA6300E88F8F /* Frameworks */,
				02E7B2E31848EA6300E88F8F /* Resources */,
			);
			buildRules = (
			);
			dependencies = (
			);
			name = Matchismo;
			productName = Matchismo;
			productReference = 02E7B2E51848EA6300E88F8F /* Matchismo.app */;
			productType = "com.apple.product-type.application";
		};
		02E7B3051848EA6300E88F8F /* MatchismoTests */ = {
			isa = PBXNativeTarget;
			buildConfigurationList = 02E7B31A1848EA6300E88F8F /* Build configuration list for PBXNativeTarget "MatchismoTests" */;
			buildPhases = (
				02E7B3021848EA6300E88F8F /* Sources */,
				02E7B3031848EA6300E88F8F /* Frameworks */,
				02E7B3041848EA6300E88F8F /* Resources */,
			);
			buildRules = (
			);
			dependencies = (
				02E7B30C1848EA6300E88F8F /* PBXTargetDependency */,
			);
			name = MatchismoTests;
			productName = MatchismoTests;
			productReference = 02E7B3061848EA6300E88F8F /* MatchismoTests.xctest */;
			productType = "com.apple.product-type.bundle.unit-test";
		};
/* End PBXNativeTarget section */

/* Begin PBXProject section */
		02E7B2DD1848EA6300E88F8F /* Project object */ = {
			isa = PBXProject;
			attributes = {
				CLASSPREFIX = CardGame;
				LastUpgradeCheck = 0500;
				ORGANIZATIONNAME = "Qi Su";
				TargetAttributes = {
					02E7B3051848EA6300E88F8F = {
						TestTargetID = 02E7B2E41848EA6300E88F8F;
					};
				};
			};
			buildConfigurationList = 02E7B2E01848EA6300E88F8F /* Build configuration list for PBXProject "Matchismo" */;
			compatibilityVersion = "Xcode 3.2";
			developmentRegion = English;
			hasScannedForEncodings = 0;
			knownRegions = (
				en,
				Base,
			);
			mainGroup = 02E7B2DC1848EA6300E88F8F;
			productRefGroup = 02E7B2E61848EA6300E88F8F /* Products */;
			projectDirPath = "";
			projectRoot = "";
			targets = (
				02E7B2E41848EA6300E88F8F /* Matchismo */,
				02E7B3051848EA6300E88F8F /* MatchismoTests */,
			);
		};
/* End PBXProject section */

/* Begin PBXResourcesBuildPhase section */
		02E7B2E31848EA6300E88F8F /* Resources */ = {
			isa = PBXResourcesBuildPhase;
			buildActionMask = 2147483647;
			files = (
				02E7B3011848EA6300E88F8F /* Images.xcassets in Resources */,
				02E7B2F31848EA6300E88F8F /* InfoPlist.strings in Resources */,
				02E7B2FC1848EA6300E88F8F /* Main.storyboard in Resources */,
			);
			runOnlyForDeploymentPostprocessing = 0;
		};
		02E7B3041848EA6300E88F8F /* Resources */ = {
			isa = PBXResourcesBuildPhase;
			buildActionMask = 2147483647;
			files = (
				02E7B3121848EA6300E88F8F /* InfoPlist.strings in Resources */,
			);
			runOnlyForDeploymentPostprocessing = 0;
		};
/* End PBXResourcesBuildPhase section */

/* Begin PBXSourcesBuildPhase section */
		02E7B2E11848EA6300E88F8F /* Sources */ = {
			isa = PBXSourcesBuildPhase;
			buildActionMask = 2147483647;
			files = (
				02B1DBCE1849E35000B4EC1B /* CardMatchingGame.m in Sources */,
				02B1DBD11849E35000B4EC1B /* PlayingCardDeck.m in Sources */,
				02B1DBCF1849E35000B4EC1B /* Deck.m in Sources */,
				02B1DBD31849E35000B4EC1B /* SetCardDeck.m in Sources */,
				02B1DBCD1849E35000B4EC1B /* Card.m in Sources */,
				02B1DBD9184A05CA00B4EC1B /* CardView.m in Sources */,
				02B1DBD61849E49800B4EC1B /* PlayingCardGameViewController.m in Sources */,
				02B1DBD21849E35000B4EC1B /* SetCard.m in Sources */,
				02E7B2F91848EA6300E88F8F /* CardGameAppDelegate.m in Sources */,
				02E7B2FF1848EA6300E88F8F /* CardGameViewController.m in Sources */,
				02E7B2F51848EA6300E88F8F /* main.m in Sources */,
				02B1DBD01849E35000B4EC1B /* PlayingCard.m in Sources */,
				02B1DBBD1849E31A00B4EC1B /* Grid.m in Sources */,
			);
			runOnlyForDeploymentPostprocessing = 0;
		};
		02E7B3021848EA6300E88F8F /* Sources */ = {
			isa = PBXSourcesBuildPhase;
			buildActionMask = 2147483647;
			files = (
				02E7B3141848EA6300E88F8F /* MatchismoTests.m in Sources */,
			);
			runOnlyForDeploymentPostprocessing = 0;
		};
/* End PBXSourcesBuildPhase section */

/* Begin PBXTargetDependency section */
		02E7B30C1848EA6300E88F8F /* PBXTargetDependency */ = {
			isa = PBXTargetDependency;
			target = 02E7B2E41848EA6300E88F8F /* Matchismo */;
			targetProxy = 02E7B30B1848EA6300E88F8F /* PBXContainerItemProxy */;
		};
/* End PBXTargetDependency section */

/* Begin PBXVariantGroup section */
		02E7B2F11848EA6300E88F8F /* InfoPlist.strings */ = {
			isa = PBXVariantGroup;
			children = (
				02E7B2F21848EA6300E88F8F /* en */,
			);
			name = InfoPlist.strings;
			sourceTree = "<group>";
		};
		02E7B2FA1848EA6300E88F8F /* Main.storyboard */ = {
			isa = PBXVariantGroup;
			children = (
				02E7B2FB1848EA6300E88F8F /* Base */,
			);
			name = Main.storyboard;
			sourceTree = "<group>";
		};
		02E7B3101848EA6300E88F8F /* InfoPlist.strings */ = {
			isa = PBXVariantGroup;
			children = (
				02E7B3111848EA6300E88F8F /* en */,
			);
			name = InfoPlist.strings;
			sourceTree = "<group>";
		};
/* End PBXVariantGroup section */

/* Begin XCBuildConfiguration section */
		02E7B3151848EA6300E88F8F /* Debug */ = {
			isa = XCBuildConfiguration;
			buildSettings = {
				ALWAYS_SEARCH_USER_PATHS = NO;
				ARCHS = "$(ARCHS_STANDARD_INCLUDING_64_BIT)";
				CLANG_CXX_LANGUAGE_STANDARD = "gnu++0x";
				CLANG_CXX_LIBRARY = "libc++";
				CLANG_ENABLE_MODULES = YES;
				CLANG_ENABLE_OBJC_ARC = YES;
				CLANG_WARN_BOOL_CONVERSION = YES;
				CLANG_WARN_CONSTANT_CONVERSION = YES;
				CLANG_WARN_DIRECT_OBJC_ISA_USAGE = YES_ERROR;
				CLANG_WARN_EMPTY_BODY = YES;
				CLANG_WARN_ENUM_CONVERSION = YES;
				CLANG_WARN_INT_CONVERSION = YES;
				CLANG_WARN_OBJC_ROOT_CLASS = YES_ERROR;
				CLANG_WARN__DUPLICATE_METHOD_MATCH = YES;
				"CODE_SIGN_IDENTITY[sdk=iphoneos*]" = "iPhone Developer";
				COPY_PHASE_STRIP = NO;
				GCC_C_LANGUAGE_STANDARD = gnu99;
				GCC_DYNAMIC_NO_PIC = NO;
				GCC_OPTIMIZATION_LEVEL = 0;
				GCC_PREPROCESSOR_DEFINITIONS = (
					"DEBUG=1",
					"$(inherited)",
				);
				GCC_SYMBOLS_PRIVATE_EXTERN = NO;
				GCC_WARN_64_TO_32_BIT_CONVERSION = YES;
				GCC_WARN_ABOUT_RETURN_TYPE = YES_ERROR;
				GCC_WARN_UNDECLARED_SELECTOR = YES;
				GCC_WARN_UNINITIALIZED_AUTOS = YES;
				GCC_WARN_UNUSED_FUNCTION = YES;
				GCC_WARN_UNUSED_VARIABLE = YES;
				IPHONEOS_DEPLOYMENT_TARGET = 7.0;
				ONLY_ACTIVE_ARCH = YES;
				SDKROOT = iphoneos;
			};
			name = Debug;
		};
		02E7B3161848EA6300E88F8F /* Release */ = {
			isa = XCBuildConfiguration;
			buildSettings = {
				ALWAYS_SEARCH_USER_PATHS = NO;
				ARCHS = "$(ARCHS_STANDARD_INCLUDING_64_BIT)";
				CLANG_CXX_LANGUAGE_STANDARD = "gnu++0x";
				CLANG_CXX_LIBRARY = "libc++";
				CLANG_ENABLE_MODULES = YES;
				CLANG_ENABLE_OBJC_ARC = YES;
				CLANG_WARN_BOOL_CONVERSION = YES;
				CLANG_WARN_CONSTANT_CONVERSION = YES;
				CLANG_WARN_DIRECT_OBJC_ISA_USAGE = YES_ERROR;
				CLANG_WARN_EMPTY_BODY = YES;
				CLANG_WARN_ENUM_CONVERSION = YES;
				CLANG_WARN_INT_CONVERSION = YES;
				CLANG_WARN_OBJC_ROOT_CLASS = YES_ERROR;
				CLANG_WARN__DUPLICATE_METHOD_MATCH = YES;
				"CODE_SIGN_IDENTITY[sdk=iphoneos*]" = "iPhone Developer";
				COPY_PHASE_STRIP = YES;
				ENABLE_NS_ASSERTIONS = NO;
				GCC_C_LANGUAGE_STANDARD = gnu99;
				GCC_WARN_64_TO_32_BIT_CONVERSION = YES;
				GCC_WARN_ABOUT_RETURN_TYPE = YES_ERROR;
				GCC_WARN_UNDECLARED_SELECTOR = YES;
				GCC_WARN_UNINITIALIZED_AUTOS = YES;
				GCC_WARN_UNUSED_FUNCTION = YES;
				GCC_WARN_UNUSED_VARIABLE = YES;
				IPHONEOS_DEPLOYMENT_TARGET = 7.0;
				SDKROOT = iphoneos;
				VALIDATE_PRODUCT = YES;
			};
			name = Release;
		};
		02E7B3181848EA6300E88F8F /* Debug */ = {
			isa = XCBuildConfiguration;
			buildSettings = {
				ASSETCATALOG_COMPILER_APPICON_NAME = AppIcon;
				ASSETCATALOG_COMPILER_LAUNCHIMAGE_NAME = LaunchImage;
				GCC_PRECOMPILE_PREFIX_HEADER = YES;
				GCC_PREFIX_HEADER = "Matchismo/Matchismo-Prefix.pch";
				INFOPLIST_FILE = "Matchismo/Matchismo-Info.plist";
				PRODUCT_NAME = "$(TARGET_NAME)";
				WRAPPER_EXTENSION = app;
			};
			name = Debug;
		};
		02E7B3191848EA6300E88F8F /* Release */ = {
			isa = XCBuildConfiguration;
			buildSettings = {
				ASSETCATALOG_COMPILER_APPICON_NAME = AppIcon;
				ASSETCATALOG_COMPILER_LAUNCHIMAGE_NAME = LaunchImage;
				GCC_PRECOMPILE_PREFIX_HEADER = YES;
				GCC_PREFIX_HEADER = "Matchismo/Matchismo-Prefix.pch";
				INFOPLIST_FILE = "Matchismo/Matchismo-Info.plist";
				PRODUCT_NAME = "$(TARGET_NAME)";
				WRAPPER_EXTENSION = app;
			};
			name = Release;
		};
		02E7B31B1848EA6300E88F8F /* Debug */ = {
			isa = XCBuildConfiguration;
			buildSettings = {
				ARCHS = "$(ARCHS_STANDARD_INCLUDING_64_BIT)";
				BUNDLE_LOADER = "$(BUILT_PRODUCTS_DIR)/Matchismo.app/Matchismo";
				FRAMEWORK_SEARCH_PATHS = (
					"$(SDKROOT)/Developer/Library/Frameworks",
					"$(inherited)",
					"$(DEVELOPER_FRAMEWORKS_DIR)",
				);
				GCC_PRECOMPILE_PREFIX_HEADER = YES;
				GCC_PREFIX_HEADER = "Matchismo/Matchismo-Prefix.pch";
				GCC_PREPROCESSOR_DEFINITIONS = (
					"DEBUG=1",
					"$(inherited)",
				);
				INFOPLIST_FILE = "MatchismoTests/MatchismoTests-Info.plist";
				PRODUCT_NAME = "$(TARGET_NAME)";
				TEST_HOST = "$(BUNDLE_LOADER)";
				WRAPPER_EXTENSION = xctest;
			};
			name = Debug;
		};
		02E7B31C1848EA6300E88F8F /* Release */ = {
			isa = XCBuildConfiguration;
			buildSettings = {
				ARCHS = "$(ARCHS_STANDARD_INCLUDING_64_BIT)";
				BUNDLE_LOADER = "$(BUILT_PRODUCTS_DIR)/Matchismo.app/Matchismo";
				FRAMEWORK_SEARCH_PATHS = (
					"$(SDKROOT)/Developer/Library/Frameworks",
					"$(inherited)",
					"$(DEVELOPER_FRAMEWORKS_DIR)",
				);
				GCC_PRECOMPILE_PREFIX_HEADER = YES;
				GCC_PREFIX_HEADER = "Matchismo/Matchismo-Prefix.pch";
				INFOPLIST_FILE = "MatchismoTests/MatchismoTests-Info.plist";
				PRODUCT_NAME = "$(TARGET_NAME)";
				TEST_HOST = "$(BUNDLE_LOADER)";
				WRAPPER_EXTENSION = xctest;
			};
			name = Release;
		};
/* End XCBuildConfiguration section */

/* Begin XCConfigurationList section */
		02E7B2E01848EA6300E88F8F /* Build configuration list for PBXProject "Matchismo" */ = {
			isa = XCConfigurationList;
			buildConfigurations = (
				02E7B3151848EA6300E88F8F /* Debug */,
				02E7B3161848EA6300E88F8F /* Release */,
			);
			defaultConfigurationIsVisible = 0;
			defaultConfigurationName = Release;
		};
		02E7B3171848EA6300E88F8F /* Build configuration list for PBXNativeTarget "Matchismo" */ = {
			isa = XCConfigurationList;
			buildConfigurations = (
				02E7B3181848EA6300E88F8F /* Debug */,
				02E7B3191848EA6300E88F8F /* Release */,
			);
			defaultConfigurationIsVisible = 0;
			defaultConfigurationName = Release;
		};
		02E7B31A1848EA6300E88F8F /* Build configuration list for PBXNativeTarget "MatchismoTests" */ = {
			isa = XCConfigurationList;
			buildConfigurations = (
				02E7B31B1848EA6300E88F8F /* Debug */,
				02E7B31C1848EA6300E88F8F /* Release */,
			);
			defaultConfigurationIsVisible = 0;
			defaultConfigurationName = Release;
		};
/* End XCConfigurationList section */
	};
	rootObject = 02E7B2DD1848EA6300E88F8F /* Project object */;
}
